
Microsoft Visual Studio Solution File, Format Version 12.00
# Visual Studio Version 17
VisualStudioVersion = 17.9.34723.18
MinimumVisualStudioVersion = 10.0.40219.1
Project("{FAE04EC0-301F-11D3-BF4B-00C04F79EFBC}") = "to-do list yapılacaklar listesi uygulaması", "to-do list yapılacaklar listesi uygulaması\to-do list yapılacaklar listesi uygulaması.csproj", "{7CF82448-A101-475C-BD6C-3C33944B8CEF}"
EndProject
Global
	GlobalSection(SolutionConfigurationPlatforms) = preSolution
		Debug|Any CPU = Debug|Any CPU
		Release|Any CPU = Release|Any CPU
	EndGlobalSection
	GlobalSection(ProjectConfigurationPlatforms) = postSolution
		{7CF82448-A101-475C-BD6C-3C33944B8CEF}.Debug|Any CPU.ActiveCfg = Debug|Any CPU
		{7CF82448-A101-475C-BD6C-3C33944B8CEF}.Debug|Any CPU.Build.0 = Debug|Any CPU
		{7CF82448-A101-475C-BD6C-3C33944B8CEF}.Release|Any CPU.ActiveCfg = Release|Any CPU
		{7CF82448-A101-475C-BD6C-3C33944B8CEF}.Release|Any CPU.Build.0 = Release|Any CPU
	EndGlobalSection
	GlobalSection(SolutionProperties) = preSolution
		HideSolutionNode = FALSE
	EndGlobalSection
	GlobalSection(ExtensibilityGlobals) = postSolution
		SolutionGuid = {91B2452B-C9C1-4D74-9EC0-ED944E84A109}
	EndGlobalSection
EndGlobal
